
Microsoft Visual Studio Solution File, Format Version 12.00
# Visual Studio Version 16
VisualStudioVersion = 16.0.32002.261
MinimumVisualStudioVersion = 10.0.40219.1
Project("{9A19103F-16F7-4668-BE54-9A1E7A4F7556}") = "D8S.E0002", "D8S.E0002\D8S.E0002.csproj", "{8C881BAF-DBCD-49B4-ACDB-81C3B7D293BF}"
EndProject
Global
	GlobalSection(SolutionConfigurationPlatforms) = preSolution
		Debug|Any CPU = Debug|Any CPU
		Release|Any CPU = Release|Any CPU
	EndGlobalSection
	GlobalSection(ProjectConfigurationPlatforms) = postSolution
		{8C881BAF-DBCD-49B4-ACDB-81C3B7D293BF}.Debug|Any CPU.ActiveCfg = Debug|Any CPU
		{8C881BAF-DBCD-49B4-ACDB-81C3B7D293BF}.Debug|Any CPU.Build.0 = Debug|Any CPU
		{8C881BAF-DBCD-49B4-ACDB-81C3B7D293BF}.Release|Any CPU.ActiveCfg = Release|Any CPU
		{8C881BAF-DBCD-49B4-ACDB-81C3B7D293BF}.Release|Any CPU.Build.0 = Release|Any CPU
	EndGlobalSection
	GlobalSection(SolutionProperties) = preSolution
		HideSolutionNode = FALSE
	EndGlobalSection
	GlobalSection(ExtensibilityGlobals) = postSolution
		SolutionGuid = {936911EE-84A5-4CF0-9BA1-726139B94055}
	EndGlobalSection
EndGlobal
